
Microsoft Visual Studio Solution File, Format Version 12.00
# Visual Studio Version 17
VisualStudioVersion = 17.8.34309.116
MinimumVisualStudioVersion = 10.0.40219.1
Project("{8BC9CEB8-8B4A-11D0-8D11-00A0C91BC942}") = "sign", "sign.vcxproj", "{ABEAF249-E139-443D-BB99-44C069EEFC73}"
EndProject
Global
	GlobalSection(SolutionConfigurationPlatforms) = preSolution
		Debug|x64 = Debug|x64
		Debug|x86 = Debug|x86
		Release|x64 = Release|x64
		Release|x86 = Release|x86
	EndGlobalSection
	GlobalSection(ProjectConfigurationPlatforms) = postSolution
		{ABEAF249-E139-443D-BB99-44C069EEFC73}.Debug|x64.ActiveCfg = Debug|x64
		{ABEAF249-E139-443D-BB99-44C069EEFC73}.Debug|x64.Build.0 = Debug|x64
		{ABEAF249-E139-443D-BB99-44C069EEFC73}.Debug|x86.ActiveCfg = Debug|Win32
		{ABEAF249-E139-443D-BB99-44C069EEFC73}.Debug|x86.Build.0 = Debug|Win32
		{ABEAF249-E139-443D-BB99-44C069EEFC73}.Release|x64.ActiveCfg = Release|x64
		{ABEAF249-E139-443D-BB99-44C069EEFC73}.Release|x64.Build.0 = Release|x64
		{ABEAF249-E139-443D-BB99-44C069EEFC73}.Release|x86.ActiveCfg = Release|Win32
		{ABEAF249-E139-443D-BB99-44C069EEFC73}.Release|x86.Build.0 = Release|Win32
	EndGlobalSection
	GlobalSection(SolutionProperties) = preSolution
		HideSolutionNode = FALSE
	EndGlobalSection
	GlobalSection(ExtensibilityGlobals) = postSolution
		SolutionGuid = {ADDF6B07-B7D7-4A40-883D-8CEEFEEA3FF7}
	EndGlobalSection
EndGlobal
