
Microsoft Visual Studio Solution File, Format Version 12.00
# Visual Studio Version 17
VisualStudioVersion = 17.8.34309.116
MinimumVisualStudioVersion = 10.0.40219.1
Project("{FAE04EC0-301F-11D3-BF4B-00C04F79EFBC}") = "UI_app", "UI_app.csproj", "{D581D9D3-3652-4C38-BB2A-D63AC5CDBFB9}"
EndProject
Global
	GlobalSection(SolutionConfigurationPlatforms) = preSolution
		Debug|Any CPU = Debug|Any CPU
		Debug|x64 = Debug|x64
		Release|Any CPU = Release|Any CPU
		Release|x64 = Release|x64
	EndGlobalSection
	GlobalSection(ProjectConfigurationPlatforms) = postSolution
		{D581D9D3-3652-4C38-BB2A-D63AC5CDBFB9}.Debug|Any CPU.ActiveCfg = Debug|Any CPU
		{D581D9D3-3652-4C38-BB2A-D63AC5CDBFB9}.Debug|Any CPU.Build.0 = Debug|Any CPU
		{D581D9D3-3652-4C38-BB2A-D63AC5CDBFB9}.Debug|x64.ActiveCfg = Debug|x64
		{D581D9D3-3652-4C38-BB2A-D63AC5CDBFB9}.Debug|x64.Build.0 = Debug|x64
		{D581D9D3-3652-4C38-BB2A-D63AC5CDBFB9}.Release|Any CPU.ActiveCfg = Release|Any CPU
		{D581D9D3-3652-4C38-BB2A-D63AC5CDBFB9}.Release|Any CPU.Build.0 = Release|Any CPU
		{D581D9D3-3652-4C38-BB2A-D63AC5CDBFB9}.Release|x64.ActiveCfg = Release|x64
		{D581D9D3-3652-4C38-BB2A-D63AC5CDBFB9}.Release|x64.Build.0 = Release|x64
	EndGlobalSection
	GlobalSection(SolutionProperties) = preSolution
		HideSolutionNode = FALSE
	EndGlobalSection
	GlobalSection(ExtensibilityGlobals) = postSolution
		SolutionGuid = {29DE1521-1CA6-4224-B8B9-8A964611B141}
	EndGlobalSection
EndGlobal
